
Microsoft Visual Studio Solution File, Format Version 12.00
# Visual Studio 14
VisualStudioVersion = 14.0.25123.0
MinimumVisualStudioVersion = 10.0.40219.1
Project("{FAE04EC0-301F-11D3-BF4B-00C04F79EFBC}") = "ReactiveTables.Framework", "ReactiveTables.Framework\ReactiveTables.Framework.csproj", "{A2A116D0-98CC-40B0-9C09-9151A657F5C7}"
EndProject
Project("{FAE04EC0-301F-11D3-BF4B-00C04F79EFBC}") = "ReactiveTables.Framework.Tests", "ReactiveTables.Framework.Tests\ReactiveTables.Framework.Tests.csproj", "{4E030EED-7E39-45D0-B309-D5E091E657B2}"
EndProject
Project("{FAE04EC0-301F-11D3-BF4B-00C04F79EFBC}") = "ReactiveTables.Framework.PerformanceTests", "ReactiveTables.Framework.PerformanceTests\ReactiveTables.Framework.PerformanceTests.csproj", "{FDF37DEF-FE21-4838-ACF5-B1372894EA55}"
EndProject
Project("{FAE04EC0-301F-11D3-BF4B-00C04F79EFBC}") = "ReactiveTables.Demo.Server", "ReactiveTables.Demo.Server\ReactiveTables.Demo.Server.csproj", "{0548D579-67B6-4876-A0F6-DDA5CC4082ED}"
EndProject
Project("{FAE04EC0-301F-11D3-BF4B-00C04F79EFBC}") = "ReactiveTables.Demo", "ReactiveTables.Demo\ReactiveTables.Demo.csproj", "{5F235481-E866-4533-A67E-590ABE24CF5C}"
EndProject
Project("{FAE04EC0-301F-11D3-BF4B-00C04F79EFBC}") = "ReactiveTables.Framework.Protobuf", "ReactiveTables.Framework.Protobuf\ReactiveTables.Framework.Protobuf.csproj", "{DD7B70DD-D622-4B6F-B654-BB1F58A3A562}"
EndProject
Project("{2150E333-8FDC-42A3-9474-1A3956D46DE8}") = "Solution Items", "Solution Items", "{12BE3CFD-FE5E-49C5-856A-D341CD76433E}"
	ProjectSection(SolutionItems) = preProject
		README.md = README.md
	EndProjectSection
EndProject
Project("{2150E333-8FDC-42A3-9474-1A3956D46DE8}") = ".nuget", ".nuget", "{36999D13-36BE-4FFF-BE56-2127081588CC}"
	ProjectSection(SolutionItems) = preProject
		.nuget\NuGet.Config = .nuget\NuGet.Config
		.nuget\NuGet.exe = .nuget\NuGet.exe
		.nuget\NuGet.targets = .nuget\NuGet.targets
	EndProjectSection
EndProject
Project("{FAE04EC0-301F-11D3-BF4B-00C04F79EFBC}") = "ReactiveTables.Framework.SimpleBinaryEncoding", "ReactiveTables.Framework.SimpleBinaryEncoding\ReactiveTables.Framework.SimpleBinaryEncoding.csproj", "{3502A634-B1C1-448E-9E32-CC900EDB30A1}"
EndProject
Global
	GlobalSection(SolutionConfigurationPlatforms) = preSolution
		Debug|Any CPU = Debug|Any CPU
		Debug|Mixed Platforms = Debug|Mixed Platforms
		Debug|x64 = Debug|x64
		Debug|x86 = Debug|x86
		Release|Any CPU = Release|Any CPU
		Release|Mixed Platforms = Release|Mixed Platforms
		Release|x64 = Release|x64
		Release|x86 = Release|x86
	EndGlobalSection
	GlobalSection(ProjectConfigurationPlatforms) = postSolution
		{A2A116D0-98CC-40B0-9C09-9151A657F5C7}.Debug|Any CPU.ActiveCfg = Debug|Any CPU
		{A2A116D0-98CC-40B0-9C09-9151A657F5C7}.Debug|Any CPU.Build.0 = Debug|Any CPU
		{A2A116D0-98CC-40B0-9C09-9151A657F5C7}.Debug|Mixed Platforms.ActiveCfg = Debug|x86
		{A2A116D0-98CC-40B0-9C09-9151A657F5C7}.Debug|Mixed Platforms.Build.0 = Debug|x86
		{A2A116D0-98CC-40B0-9C09-9151A657F5C7}.Debug|x64.ActiveCfg = Debug|x64
		{A2A116D0-98CC-40B0-9C09-9151A657F5C7}.Debug|x64.Build.0 = Debug|x64
		{A2A116D0-98CC-40B0-9C09-9151A657F5C7}.Debug|x86.ActiveCfg = Debug|x86
		{A2A116D0-98CC-40B0-9C09-9151A657F5C7}.Debug|x86.Build.0 = Debug|x86
		{A2A116D0-98CC-40B0-9C09-9151A657F5C7}.Release|Any CPU.ActiveCfg = Release|Any CPU
		{A2A116D0-98CC-40B0-9C09-9151A657F5C7}.Release|Any CPU.Build.0 = Release|Any CPU
		{A2A116D0-98CC-40B0-9C09-9151A657F5C7}.Release|Mixed Platforms.ActiveCfg = Release|x86
		{A2A116D0-98CC-40B0-9C09-9151A657F5C7}.Release|Mixed Platforms.Build.0 = Release|x86
		{A2A116D0-98CC-40B0-9C09-9151A657F5C7}.Release|x64.ActiveCfg = Release|x64
		{A2A116D0-98CC-40B0-9C09-9151A657F5C7}.Release|x64.Build.0 = Release|x64
		{A2A116D0-98CC-40B0-9C09-9151A657F5C7}.Release|x86.ActiveCfg = Release|x86
		{A2A116D0-98CC-40B0-9C09-9151A657F5C7}.Release|x86.Build.0 = Release|x86
		{4E030EED-7E39-45D0-B309-D5E091E657B2}.Debug|Any CPU.ActiveCfg = Debug|Any CPU
		{4E030EED-7E39-45D0-B309-D5E091E657B2}.Debug|Any CPU.Build.0 = Debug|Any CPU
		{4E030EED-7E39-45D0-B309-D5E091E657B2}.Debug|Mixed Platforms.ActiveCfg = Debug|x86
		{4E030EED-7E39-45D0-B309-D5E091E657B2}.Debug|Mixed Platforms.Build.0 = Debug|x86
		{4E030EED-7E39-45D0-B309-D5E091E657B2}.Debug|x64.ActiveCfg = Debug|x64
		{4E030EED-7E39-45D0-B309-D5E091E657B2}.Debug|x64.Build.0 = Debug|x64
		{4E030EED-7E39-45D0-B309-D5E091E657B2}.Debug|x86.ActiveCfg = Debug|x86
		{4E030EED-7E39-45D0-B309-D5E091E657B2}.Debug|x86.Build.0 = Debug|x86
		{4E030EED-7E39-45D0-B309-D5E091E657B2}.Release|Any CPU.ActiveCfg = Release|Any CPU
		{4E030EED-7E39-45D0-B309-D5E091E657B2}.Release|Any CPU.Build.0 = Release|Any CPU
		{4E030EED-7E39-45D0-B309-D5E091E657B2}.Release|Mixed Platforms.ActiveCfg = Release|x86
		{4E030EED-7E39-45D0-B309-D5E091E657B2}.Release|Mixed Platforms.Build.0 = Release|x86
		{4E030EED-7E39-45D0-B309-D5E091E657B2}.Release|x64.ActiveCfg = Release|x64
		{4E030EED-7E39-45D0-B309-D5E091E657B2}.Release|x64.Build.0 = Release|x64
		{4E030EED-7E39-45D0-B309-D5E091E657B2}.Release|x86.ActiveCfg = Release|x86
		{4E030EED-7E39-45D0-B309-D5E091E657B2}.Release|x86.Build.0 = Release|x86
		{FDF37DEF-FE21-4838-ACF5-B1372894EA55}.Debug|Any CPU.ActiveCfg = Debug|Any CPU
		{FDF37DEF-FE21-4838-ACF5-B1372894EA55}.Debug|Any CPU.Build.0 = Debug|Any CPU
		{FDF37DEF-FE21-4838-ACF5-B1372894EA55}.Debug|Mixed Platforms.ActiveCfg = Debug|Any CPU
		{FDF37DEF-FE21-4838-ACF5-B1372894EA55}.Debug|Mixed Platforms.Build.0 = Debug|Any CPU
		{FDF37DEF-FE21-4838-ACF5-B1372894EA55}.Debug|x64.ActiveCfg = Debug|x64
		{FDF37DEF-FE21-4838-ACF5-B1372894EA55}.Debug|x64.Build.0 = Debug|x64
		{FDF37DEF-FE21-4838-ACF5-B1372894EA55}.Debug|x86.ActiveCfg = Debug|x86
		{FDF37DEF-FE21-4838-ACF5-B1372894EA55}.Debug|x86.Build.0 = Debug|x86
		{FDF37DEF-FE21-4838-ACF5-B1372894EA55}.Release|Any CPU.ActiveCfg = Release|Any CPU
		{FDF37DEF-FE21-4838-ACF5-B1372894EA55}.Release|Any CPU.Build.0 = Release|Any CPU
		{FDF37DEF-FE21-4838-ACF5-B1372894EA55}.Release|Mixed Platforms.ActiveCfg = Release|Any CPU
		{FDF37DEF-FE21-4838-ACF5-B1372894EA55}.Release|Mixed Platforms.Build.0 = Release|Any CPU
		{FDF37DEF-FE21-4838-ACF5-B1372894EA55}.Release|x64.ActiveCfg = Release|x64
		{FDF37DEF-FE21-4838-ACF5-B1372894EA55}.Release|x64.Build.0 = Release|x64
		{FDF37DEF-FE21-4838-ACF5-B1372894EA55}.Release|x86.ActiveCfg = Release|x86
		{FDF37DEF-FE21-4838-ACF5-B1372894EA55}.Release|x86.Build.0 = Release|x86
		{0548D579-67B6-4876-A0F6-DDA5CC4082ED}.Debug|Any CPU.ActiveCfg = Debug|Any CPU
		{0548D579-67B6-4876-A0F6-DDA5CC4082ED}.Debug|Any CPU.Build.0 = Debug|Any CPU
		{0548D579-67B6-4876-A0F6-DDA5CC4082ED}.Debug|Mixed Platforms.ActiveCfg = Debug|Any CPU
		{0548D579-67B6-4876-A0F6-DDA5CC4082ED}.Debug|Mixed Platforms.Build.0 = Debug|Any CPU
		{0548D579-67B6-4876-A0F6-DDA5CC4082ED}.Debug|x64.ActiveCfg = Debug|x64
		{0548D579-67B6-4876-A0F6-DDA5CC4082ED}.Debug|x64.Build.0 = Debug|x64
		{0548D579-67B6-4876-A0F6-DDA5CC4082ED}.Debug|x86.ActiveCfg = Debug|x86
		{0548D579-67B6-4876-A0F6-DDA5CC4082ED}.Debug|x86.Build.0 = Debug|x86
		{0548D579-67B6-4876-A0F6-DDA5CC4082ED}.Release|Any CPU.ActiveCfg = Release|Any CPU
		{0548D579-67B6-4876-A0F6-DDA5CC4082ED}.Release|Any CPU.Build.0 = Release|Any CPU
		{0548D579-67B6-4876-A0F6-DDA5CC4082ED}.Release|Mixed Platforms.ActiveCfg = Release|Any CPU
		{0548D579-67B6-4876-A0F6-DDA5CC4082ED}.Release|Mixed Platforms.Build.0 = Release|Any CPU
		{0548D579-67B6-4876-A0F6-DDA5CC4082ED}.Release|x64.ActiveCfg = Release|x64
		{0548D579-67B6-4876-A0F6-DDA5CC4082ED}.Release|x64.Build.0 = Release|x64
		{0548D579-67B6-4876-A0F6-DDA5CC4082ED}.Release|x86.ActiveCfg = Release|x86
		{0548D579-67B6-4876-A0F6-DDA5CC4082ED}.Release|x86.Build.0 = Release|x86
		{5F235481-E866-4533-A67E-590ABE24CF5C}.Debug|Any CPU.ActiveCfg = Debug|Any CPU
		{5F235481-E866-4533-A67E-590ABE24CF5C}.Debug|Any CPU.Build.0 = Debug|Any CPU
		{5F235481-E866-4533-A67E-590ABE24CF5C}.Debug|Mixed Platforms.ActiveCfg = Debug|x86
		{5F235481-E866-4533-A67E-590ABE24CF5C}.Debug|Mixed Platforms.Build.0 = Debug|x86
		{5F235481-E866-4533-A67E-590ABE24CF5C}.Debug|x64.ActiveCfg = Debug|x64
		{5F235481-E866-4533-A67E-590ABE24CF5C}.Debug|x64.Build.0 = Debug|x64
		{5F235481-E866-4533-A67E-590ABE24CF5C}.Debug|x86.ActiveCfg = Debug|x86
		{5F235481-E866-4533-A67E-590ABE24CF5C}.Debug|x86.Build.0 = Debug|x86
		{5F235481-E866-4533-A67E-590ABE24CF5C}.Release|Any CPU.ActiveCfg = Release|Any CPU
		{5F235481-E866-4533-A67E-590ABE24CF5C}.Release|Any CPU.Build.0 = Release|Any CPU
		{5F235481-E866-4533-A67E-590ABE24CF5C}.Release|Mixed Platforms.ActiveCfg = Release|x86
		{5F235481-E866-4533-A67E-590ABE24CF5C}.Release|Mixed Platforms.Build.0 = Release|x86
		{5F235481-E866-4533-A67E-590ABE24CF5C}.Release|x64.ActiveCfg = Release|x64
		{5F235481-E866-4533-A67E-590ABE24CF5C}.Release|x64.Build.0 = Release|x64
		{5F235481-E866-4533-A67E-590ABE24CF5C}.Release|x86.ActiveCfg = Release|x86
		{5F235481-E866-4533-A67E-590ABE24CF5C}.Release|x86.Build.0 = Release|x86
		{DD7B70DD-D622-4B6F-B654-BB1F58A3A562}.Debug|Any CPU.ActiveCfg = Debug|Any CPU
		{DD7B70DD-D622-4B6F-B654-BB1F58A3A562}.Debug|Any CPU.Build.0 = Debug|Any CPU
		{DD7B70DD-D622-4B6F-B654-BB1F58A3A562}.Debug|Mixed Platforms.ActiveCfg = Debug|Any CPU
		{DD7B70DD-D622-4B6F-B654-BB1F58A3A562}.Debug|Mixed Platforms.Build.0 = Debug|Any CPU
		{DD7B70DD-D622-4B6F-B654-BB1F58A3A562}.Debug|x64.ActiveCfg = Debug|x64
		{DD7B70DD-D622-4B6F-B654-BB1F58A3A562}.Debug|x64.Build.0 = Debug|x64
		{DD7B70DD-D622-4B6F-B654-BB1F58A3A562}.Debug|x86.ActiveCfg = Debug|x86
		{DD7B70DD-D622-4B6F-B654-BB1F58A3A562}.Debug|x86.Build.0 = Debug|x86
		{DD7B70DD-D622-4B6F-B654-BB1F58A3A562}.Release|Any CPU.ActiveCfg = Release|Any CPU
		{DD7B70DD-D622-4B6F-B654-BB1F58A3A562}.Release|Any CPU.Build.0 = Release|Any CPU
		{DD7B70DD-D622-4B6F-B654-BB1F58A3A562}.Release|Mixed Platforms.ActiveCfg = Release|Any CPU
		{DD7B70DD-D622-4B6F-B654-BB1F58A3A562}.Release|Mixed Platforms.Build.0 = Release|Any CPU
		{DD7B70DD-D622-4B6F-B654-BB1F58A3A562}.Release|x64.ActiveCfg = Release|x64
		{DD7B70DD-D622-4B6F-B654-BB1F58A3A562}.Release|x64.Build.0 = Release|x64
		{DD7B70DD-D622-4B6F-B654-BB1F58A3A562}.Release|x86.ActiveCfg = Release|x86
		{DD7B70DD-D622-4B6F-B654-BB1F58A3A562}.Release|x86.Build.0 = Release|x86
		{3502A634-B1C1-448E-9E32-CC900EDB30A1}.Debug|Any CPU.ActiveCfg = Debug|Any CPU
		{3502A634-B1C1-448E-9E32-CC900EDB30A1}.Debug|Any CPU.Build.0 = Debug|Any CPU
		{3502A634-B1C1-448E-9E32-CC900EDB30A1}.Debug|Mixed Platforms.ActiveCfg = Debug|Any CPU
		{3502A634-B1C1-448E-9E32-CC900EDB30A1}.Debug|Mixed Platforms.Build.0 = Debug|Any CPU
		{3502A634-B1C1-448E-9E32-CC900EDB30A1}.Debug|x64.ActiveCfg = Debug|Any CPU
		{3502A634-B1C1-448E-9E32-CC900EDB30A1}.Debug|x86.ActiveCfg = Debug|Any CPU
		{3502A634-B1C1-448E-9E32-CC900EDB30A1}.Release|Any CPU.ActiveCfg = Release|Any CPU
		{3502A634-B1C1-448E-9E32-CC900EDB30A1}.Release|Any CPU.Build.0 = Release|Any CPU
		{3502A634-B1C1-448E-9E32-CC900EDB30A1}.Release|Mixed Platforms.ActiveCfg = Release|Any CPU
		{3502A634-B1C1-448E-9E32-CC900EDB30A1}.Release|Mixed Platforms.Build.0 = Release|Any CPU
		{3502A634-B1C1-448E-9E32-CC900EDB30A1}.Release|x64.ActiveCfg = Release|Any CPU
		{3502A634-B1C1-448E-9E32-CC900EDB30A1}.Release|x86.ActiveCfg = Release|Any CPU
	EndGlobalSection
	GlobalSection(SolutionProperties) = preSolution
		HideSolutionNode = FALSE
	EndGlobalSection
EndGlobal
